<?xml version="1.0" encoding="utf-8"?>
<Project ToolsVersion="4.0" xmlns="http://schemas.microsoft.com/developer/msbuild/2003">
  <ItemGroup>
    <Filter Include="main">
      <UniqueIdentifier>{4FC737F1-C7A5-4376-A066-2A32D752A2FF}</UniqueIdentifier>
      <Extensions>cpp;c;cc;cxx;def;odl;idl;hpj;bat;asm;asmx</Extensions>
    </Filter>
    <Filter Include="main\hooks">
      <UniqueIdentifier>{e893df6b-d581-446c-b177-b7a11aa7769a}</UniqueIdentifier>
    </Filter>
    <Filter Include="main\hooks\game">
      <UniqueIdentifier>{dc598826-7ed4-4dd9-80fe-8dad20f9bfd0}</UniqueIdentifier>
    </Filter>
    <Filter Include="main\hooks\game\sdk">
      <UniqueIdentifier>{bba5f127-82c5-43c9-a85a-205e279d80bc}</UniqueIdentifier>
    </Filter>
    <Filter Include="main\hooks\util">
      <UniqueIdentifier>{9f8cdbf9-8eba-428f-a821-1ebd723bce5f}</UniqueIdentifier>
    </Filter>
    <Filter Include="main\hooks\util\contrib">
      <UniqueIdentifier>{203aec8b-15f9-4e88-b0c7-d51d4a57be52}</UniqueIdentifier>
    </Filter>
    <Filter Include="main\menu">
      <UniqueIdentifier>{22e5ac79-30aa-4c38-bc4b-b9c865cc8771}</UniqueIdentifier>
    </Filter>
    <Filter Include="main\tickbase">
      <UniqueIdentifier>{a392c84d-0606-4d2b-aa22-59fa1aeaa012}</UniqueIdentifier>
    </Filter>
    <Filter Include="main\animations">
      <UniqueIdentifier>{609b7a62-994c-430b-9a21-e58ad37baeae}</UniqueIdentifier>
    </Filter>
    <Filter Include="main\rage">
      <UniqueIdentifier>{f3268814-77da-4c7c-99dd-55269ba45890}</UniqueIdentifier>
    </Filter>
    <Filter Include="main\misc">
      <UniqueIdentifier>{4fc7f968-f3ac-4778-8b9b-81766482876b}</UniqueIdentifier>
    </Filter>
    <Filter Include="main\visuals">
      <UniqueIdentifier>{ede3fe15-8260-4634-9154-0bc3f6416336}</UniqueIdentifier>
    </Filter>
    <Filter Include="main\other">
      <UniqueIdentifier>{74d7c35f-2453-4853-9e7e-b2d3524a13bd}</UniqueIdentifier>
    </Filter>
    <Filter Include="main\libs">
      <UniqueIdentifier>{e97a0545-0934-4499-9da4-c6354ad5ae9f}</UniqueIdentifier>
    </Filter>
  </ItemGroup>
  <ItemGroup>
    <ClInclude Include="address.h">
      <Filter>main\hooks\util</Filter>
    </ClInclude>
    <ClInclude Include="basehandle.h">
      <Filter>main\hooks\game\sdk</Filter>
    </ClInclude>
    <ClInclude Include="clientclass.h">
      <Filter>main\hooks\game\sdk</Filter>
    </ClInclude>
    <ClInclude Include="clientdll.h">
      <Filter>main\hooks\game\sdk</Filter>
    </ClInclude>
    <ClInclude Include="clientmode.h">
      <Filter>main\hooks\game\sdk</Filter>
    </ClInclude>
    <ClInclude Include="color.h">
      <Filter>main\hooks\game\sdk</Filter>
    </ClInclude>
    <ClInclude Include="cvar.h">
      <Filter>main\hooks\game\sdk</Filter>
    </ClInclude>
    <ClInclude Include="datamap.h">
      <Filter>main\hooks\game\sdk</Filter>
    </ClInclude>
    <ClInclude Include="engineclient.h">
      <Filter>main\hooks\game\sdk</Filter>
    </ClInclude>
    <ClInclude Include="entity.h">
      <Filter>main\hooks\game\sdk</Filter>
    </ClInclude>
    <ClInclude Include="entlist.h">
      <Filter>main\hooks\game\sdk</Filter>
    </ClInclude>
    <ClInclude Include="game.h">
      <Filter>main\hooks\game\sdk</Filter>
    </ClInclude>
    <ClInclude Include="globalvars.h">
      <Filter>main\hooks\game\sdk</Filter>
    </ClInclude>
    <ClInclude Include="glow.h">
      <Filter>main\hooks\game\sdk</Filter>
    </ClInclude>
    <ClInclude Include="hash.h">
      <Filter>main\hooks\util</Filter>
    </ClInclude>
    <ClInclude Include="input.h">
      <Filter>main\hooks\game\sdk</Filter>
    </ClInclude>
    <ClInclude Include="matrix.h">
      <Filter>main\hooks\game\sdk</Filter>
    </ClInclude>
    <ClInclude Include="memalloc.h">
      <Filter>main\hooks\game\sdk</Filter>
    </ClInclude>
    <ClInclude Include="modules.h">
      <Filter>main\hooks\util</Filter>
    </ClInclude>
    <ClInclude Include="pattern.h">
      <Filter>main\hooks\util</Filter>
    </ClInclude>
    <ClInclude Include="pe.h">
      <Filter>main\hooks\util</Filter>
    </ClInclude>
    <ClInclude Include="prediction.h">
      <Filter>main\hooks\game\sdk</Filter>
    </ClInclude>
    <ClInclude Include="util.h">
      <Filter>main\hooks\util</Filter>
    </ClInclude>
    <ClInclude Include="utlvector.h">
      <Filter>main\hooks\game\sdk</Filter>
    </ClInclude>
    <ClInclude Include="trace.h">
      <Filter>main\hooks\game\sdk</Filter>
    </ClInclude>
    <ClInclude Include="vmt.h">
      <Filter>main\hooks\util</Filter>
    </ClInclude>
    <ClInclude Include="winapir.h">
      <Filter>main\hooks\util</Filter>
    </ClInclude>
    <ClInclude Include="xorstr.h">
      <Filter>main\hooks\util</Filter>
    </ClInclude>
    <ClInclude Include="surface.h">
      <Filter>main\hooks\game\sdk</Filter>
    </ClInclude>
    <ClInclude Include="stack.h">
      <Filter>main\hooks\util</Filter>
    </ClInclude>
    <ClInclude Include="studio.h">
      <Filter>main\hooks\game\sdk</Filter>
    </ClInclude>
    <ClInclude Include="studiorender.h">
      <Filter>main\hooks\game\sdk</Filter>
    </ClInclude>
    <ClInclude Include="nt.h">
      <Filter>main\hooks\util</Filter>
    </ClInclude>
    <ClInclude Include="unique_vector.h">
      <Filter>main\hooks\util</Filter>
    </ClInclude>
    <ClInclude Include="gameevents.h">
      <Filter>main\hooks\game\sdk</Filter>
    </ClInclude>
    <ClInclude Include="matchframework.h">
      <Filter>main\hooks\game\sdk</Filter>
    </ClInclude>
    <ClInclude Include="hud.h">
      <Filter>main\hooks\game\sdk</Filter>
    </ClInclude>
    <ClInclude Include="tinyformat.h">
      <Filter>main\hooks\util\contrib</Filter>
    </ClInclude>
    <ClInclude Include="localize.h">
      <Filter>main\hooks\game\sdk</Filter>
    </ClInclude>
    <ClInclude Include="json.h">
      <Filter>main\hooks\util\contrib</Filter>
    </ClInclude>
    <ClInclude Include="base64.h">
      <Filter>main\hooks\util\contrib</Filter>
    </ClInclude>
    <ClInclude Include="syscall.h">
      <Filter>main\hooks\util</Filter>
    </ClInclude>
    <ClInclude Include="x86.h">
      <Filter>main\hooks\util</Filter>
    </ClInclude>
    <ClInclude Include="gamerules.h">
      <Filter>main\hooks\game\sdk</Filter>
    </ClInclude>
    <ClInclude Include="beams.h">
      <Filter>main\hooks\game\sdk</Filter>
    </ClInclude>
    <ClInclude Include="networkstringtable.h">
      <Filter>main\hooks\game\sdk</Filter>
    </ClInclude>
    <ClInclude Include="sound.h">
      <Filter>main\hooks\game\sdk</Filter>
    </ClInclude>
    <ClInclude Include="shifting.h">
      <Filter>main\tickbase</Filter>
    </ClInclude>
    <ClInclude Include="minhook\minhook.h">
      <Filter>main\libs</Filter>
    </ClInclude>
    <ClInclude Include="VMProtectSDK.h">
      <Filter>main\libs</Filter>
    </ClInclude>
    <ClInclude Include="resolver.h">
      <Filter>main\animations</Filter>
    </ClInclude>
    <ClInclude Include="lagcomp.h">
      <Filter>main\animations</Filter>
    </ClInclude>
    <ClInclude Include="bonesetup.h">
      <Filter>main\animations</Filter>
    </ClInclude>
    <ClInclude Include="client.h">
      <Filter>main</Filter>
    </ClInclude>
    <ClInclude Include="font_array.h">
      <Filter>main\libs</Filter>
    </ClInclude>
    <ClInclude Include="visuals.h">
      <Filter>main\visuals</Filter>
    </ClInclude>
    <ClInclude Include="grenades.h">
      <Filter>main\visuals</Filter>
    </ClInclude>
    <ClInclude Include="chams.h">
      <Filter>main\visuals</Filter>
    </ClInclude>
    <ClInclude Include="math.h">
      <Filter>main\other</Filter>
    </ClInclude>
    <ClInclude Include="aimbot.h">
      <Filter>main\rage</Filter>
    </ClInclude>
    <ClInclude Include="hvh.h">
      <Filter>main\rage</Filter>
    </ClInclude>
    <ClInclude Include="lagrecord.h">
      <Filter>main\animations</Filter>
    </ClInclude>
    <ClInclude Include="shots.h">
      <Filter>main\rage</Filter>
    </ClInclude>
    <ClInclude Include="penetration.h">
      <Filter>main\rage</Filter>
    </ClInclude>
    <ClInclude Include="movement.h">
      <Filter>main\misc</Filter>
    </ClInclude>
    <ClInclude Include="skins.h">
      <Filter>main\misc</Filter>
    </ClInclude>
    <ClInclude Include="hooks.h">
      <Filter>main\hooks</Filter>
    </ClInclude>
    <ClInclude Include="vector3.h">
      <Filter>main\other</Filter>
    </ClInclude>
    <ClInclude Include="vector2.h">
      <Filter>main\other</Filter>
    </ClInclude>
    <ClInclude Include="sdk.h">
      <Filter>main\hooks\game</Filter>
    </ClInclude>
    <ClInclude Include="angle.h">
      <Filter>main\other</Filter>
    </ClInclude>
    <ClInclude Include="button.h">
      <Filter>main\menu</Filter>
    </ClInclude>
    <ClInclude Include="callbacks.h">
      <Filter>main\menu</Filter>
    </ClInclude>
    <ClInclude Include="checkbox.h">
      <Filter>main\menu</Filter>
    </ClInclude>
    <ClInclude Include="colorpicker.h">
      <Filter>main\menu</Filter>
    </ClInclude>
    <ClInclude Include="config.h">
      <Filter>main\menu</Filter>
    </ClInclude>
    <ClInclude Include="dropdown.h">
      <Filter>main\menu</Filter>
    </ClInclude>
    <ClInclude Include="edit.h">
      <Filter>main\menu</Filter>
    </ClInclude>
    <ClInclude Include="element.h">
      <Filter>main\menu</Filter>
    </ClInclude>
    <ClInclude Include="form.h">
      <Filter>main\menu</Filter>
    </ClInclude>
    <ClInclude Include="gui.h">
      <Filter>main\menu</Filter>
    </ClInclude>
    <ClInclude Include="keybind.h">
      <Filter>main\menu</Filter>
    </ClInclude>
    <ClInclude Include="menu.h">
      <Filter>main\menu</Filter>
    </ClInclude>
    <ClInclude Include="multidropdown.h">
      <Filter>main\menu</Filter>
    </ClInclude>
    <ClInclude Include="slider.h">
      <Filter>main\menu</Filter>
    </ClInclude>
    <ClInclude Include="tab.h">
      <Filter>main\menu</Filter>
    </ClInclude>
    <ClInclude Include="includes.h">
      <Filter>main</Filter>
    </ClInclude>
    <ClInclude Include="render.h">
      <Filter>main\hooks\game</Filter>
    </ClInclude>
    <ClInclude Include="csgo.h">
      <Filter>main\hooks</Filter>
    </ClInclude>
    <ClInclude Include="entoffsets.h">
      <Filter>main\hooks\game</Filter>
    </ClInclude>
    <ClInclude Include="interfaces.h">
      <Filter>main\hooks\game</Filter>
    </ClInclude>
    <ClInclude Include="netdata.h">
      <Filter>main\hooks\game</Filter>
    </ClInclude>
    <ClInclude Include="netvars.h">
      <Filter>main\hooks\game</Filter>
    </ClInclude>
    <ClInclude Include="notify.h">
      <Filter>main\hooks\game</Filter>
    </ClInclude>
    <ClInclude Include="pred.h">
      <Filter>main\hooks\game</Filter>
    </ClInclude>
    <ClInclude Include="events.h">
      <Filter>main\misc</Filter>
    </ClInclude>
  </ItemGroup>
  <ItemGroup>
    <ClCompile Include="entry.cpp">
      <Filter>main</Filter>
    </ClCompile>
    <ClCompile Include="callbacks.cpp">
      <Filter>main\menu</Filter>
    </ClCompile>
    <ClCompile Include="checkbox.cpp">
      <Filter>main\menu</Filter>
    </ClCompile>
    <ClCompile Include="colorpicker.cpp">
      <Filter>main\menu</Filter>
    </ClCompile>
    <ClCompile Include="dropdown.cpp">
      <Filter>main\menu</Filter>
    </ClCompile>
    <ClCompile Include="form.cpp">
      <Filter>main\menu</Filter>
    </ClCompile>
    <ClCompile Include="slider.cpp">
      <Filter>main\menu</Filter>
    </ClCompile>
    <ClCompile Include="gui.cpp">
      <Filter>main\menu</Filter>
    </ClCompile>
    <ClCompile Include="multidropdown.cpp">
      <Filter>main\menu</Filter>
    </ClCompile>
    <ClCompile Include="hooks.cpp">
      <Filter>main\hooks</Filter>
    </ClCompile>
    <ClCompile Include="viewrender.cpp">
      <Filter>main\hooks\game</Filter>
    </ClCompile>
    <ClCompile Include="prediction.cpp">
      <Filter>main\hooks\game</Filter>
    </ClCompile>
    <ClCompile Include="netchannel.cpp">
      <Filter>main\hooks\game</Filter>
    </ClCompile>
    <ClCompile Include="panel.cpp">
      <Filter>main\hooks\game</Filter>
    </ClCompile>
    <ClCompile Include="clientmode.cpp">
      <Filter>main\hooks\game</Filter>
    </ClCompile>
    <ClCompile Include="surface.cpp">
      <Filter>main\hooks\game</Filter>
    </ClCompile>
    <ClCompile Include="clientdll.cpp">
      <Filter>main\hooks\game</Filter>
    </ClCompile>
    <ClCompile Include="engine.cpp">
      <Filter>main\hooks\game</Filter>
    </ClCompile>
    <ClCompile Include="shadowmgr.cpp">
      <Filter>main\hooks\game</Filter>
    </ClCompile>
    <ClCompile Include="renderview.cpp">
      <Filter>main\hooks\game</Filter>
    </ClCompile>
    <ClCompile Include="modelrender.cpp">
      <Filter>main\hooks\game</Filter>
    </ClCompile>
    <ClCompile Include="edit.cpp">
      <Filter>main\menu</Filter>
    </ClCompile>
    <ClCompile Include="keybind.cpp">
      <Filter>main\menu</Filter>
    </ClCompile>
    <ClCompile Include="matchframework.cpp">
      <Filter>main\hooks\game</Filter>
    </ClCompile>
    <ClCompile Include="materialsystem.cpp">
      <Filter>main\hooks\game</Filter>
    </ClCompile>
    <ClCompile Include="config.cpp">
      <Filter>main\menu</Filter>
    </ClCompile>
    <ClCompile Include="button.cpp">
      <Filter>main\menu</Filter>
    </ClCompile>
    <ClCompile Include="clientstate.cpp">
      <Filter>main\hooks\game</Filter>
    </ClCompile>
    <ClCompile Include="shifting.cpp">
      <Filter>main\tickbase</Filter>
    </ClCompile>
    <ClCompile Include="local_animations.cpp">
      <Filter>main\animations</Filter>
    </ClCompile>
    <ClCompile Include="enemy_animations.cpp">
      <Filter>main\animations</Filter>
    </ClCompile>
    <ClCompile Include="lagcomp.cpp">
      <Filter>main\animations</Filter>
    </ClCompile>
    <ClCompile Include="aimbot.cpp">
      <Filter>main\rage</Filter>
    </ClCompile>
    <ClCompile Include="bonesetup.cpp">
      <Filter>main\animations</Filter>
    </ClCompile>
    <ClCompile Include="penetration.cpp">
      <Filter>main\rage</Filter>
    </ClCompile>
    <ClCompile Include="resolver.cpp">
      <Filter>main\animations</Filter>
    </ClCompile>
    <ClCompile Include="hvh.cpp">
      <Filter>main\rage</Filter>
    </ClCompile>
    <ClCompile Include="knifebot.cpp">
      <Filter>main\rage</Filter>
    </ClCompile>
    <ClCompile Include="shots.cpp">
      <Filter>main\rage</Filter>
    </ClCompile>
    <ClCompile Include="movement.cpp">
      <Filter>main\misc</Filter>
    </ClCompile>
    <ClCompile Include="skins.cpp">
      <Filter>main\misc</Filter>
    </ClCompile>
    <ClCompile Include="visuals.cpp">
      <Filter>main\visuals</Filter>
    </ClCompile>
    <ClCompile Include="chams.cpp">
      <Filter>main\visuals</Filter>
    </ClCompile>
    <ClCompile Include="grenades.cpp">
      <Filter>main\visuals</Filter>
    </ClCompile>
    <ClCompile Include="csgo.cpp">
      <Filter>main\hooks</Filter>
    </ClCompile>
    <ClCompile Include="math.cpp">
      <Filter>main\other</Filter>
    </ClCompile>
    <ClCompile Include="client.cpp">
      <Filter>main</Filter>
    </ClCompile>
    <ClCompile Include="cvar.cpp">
      <Filter>main\hooks\game</Filter>
    </ClCompile>
    <ClCompile Include="firebullets.cpp">
      <Filter>main\hooks\game</Filter>
    </ClCompile>
    <ClCompile Include="netdata.cpp">
      <Filter>main\hooks\game</Filter>
    </ClCompile>
    <ClCompile Include="player.cpp">
      <Filter>main\hooks\game</Filter>
    </ClCompile>
    <ClCompile Include="pred.cpp">
      <Filter>main\hooks\game</Filter>
    </ClCompile>
    <ClCompile Include="render.cpp">
      <Filter>main\hooks\game</Filter>
    </ClCompile>
    <ClCompile Include="wndproc.cpp">
      <Filter>main\hooks\game</Filter>
    </ClCompile>
    <ClCompile Include="events.cpp">
      <Filter>main\misc</Filter>
    </ClCompile>
  </ItemGroup>
  <ItemGroup>
    <Library Include="minhook\mihook-mtd.lib">
      <Filter>main\libs</Filter>
    </Library>
    <Library Include="VMProtectSDK32.lib">
      <Filter>main\libs</Filter>
    </Library>
  </ItemGroup>
</Project>